{
  "name": "gemstack-ai",
  "version": "2.0.2",
  "lockfileVersion": 3,
  "requires": true,
  "packages": {
    "": {
      "name": "gemstack-ai",
      "version": "2.0.2",
      "license": "MIT",
      "bin": {
        "gemstack": "src/cli.js"
      },
      "engines": {
        "node": ">=18.18.0"
      }
    }
  }
}
